{
  "requires": true,
  "lockfileVersion": 1,
  "dependencies": {
    "hyperterm-paste": {
      "version": "1.1.2",
      "resolved": "https://registry.npmjs.org/hyperterm-paste/-/hyperterm-paste-1.1.2.tgz",
      "integrity": "sha512-ahmsWXC2drkmt5ZRrLH98xMcgWOcLYWzO5+eHQc2L7Yt4fnV1yafIVVKdDpA7KgSSN+z3WG+RcKNco+RRICtrw=="
    }
  }
}
